// !$*UTF8*$!
{
	archiveVersion = 1;
	classes = {
	};
	objectVersion = 55;
	objects = {

/* Begin PBXBuildFile section */
		4D107B582742A11F002E3A7E /* categoryBudgetRow.swift in Sources */ = {isa = PBXBuildFile; fileRef = 4D107B572742A11F002E3A7E /* categoryBudgetRow.swift */; };
		4D107B5A2742B4B4002E3A7E /* categoryBudgetList.swift in Sources */ = {isa = PBXBuildFile; fileRef = 4D107B592742B4B4002E3A7E /* categoryBudgetList.swift */; };
		4D8AA8842753BAD50033A92F /* CategoriesModel.swift in Sources */ = {isa = PBXBuildFile; fileRef = 4D8AA8832753BAD50033A92F /* CategoriesModel.swift */; };
		4D8AA8882753DD2C0033A92F /* AddCategories.swift in Sources */ = {isa = PBXBuildFile; fileRef = 4D8AA8872753DD2C0033A92F /* AddCategories.swift */; };
		4D8AA88C2754F0EC0033A92F /* EditBudget.swift in Sources */ = {isa = PBXBuildFile; fileRef = 4D8AA88B2754F0EC0033A92F /* EditBudget.swift */; };
		4D8F48C22734D2AE00DDFF73 /* DataOnboarding.swift in Sources */ = {isa = PBXBuildFile; fileRef = 4D8F48C12734D2AE00DDFF73 /* DataOnboarding.swift */; };
		4D8F48C42734D7E100DDFF73 /* OnboardingView.swift in Sources */ = {isa = PBXBuildFile; fileRef = 4D8F48C32734D7E100DDFF73 /* OnboardingView.swift */; };
		4D8F48C62734DDD400DDFF73 /* TabDetailView.swift in Sources */ = {isa = PBXBuildFile; fileRef = 4D8F48C52734DDD400DDFF73 /* TabDetailView.swift */; };
		4D8F48CA2734E6FE00DDFF73 /* ButtonView.swift in Sources */ = {isa = PBXBuildFile; fileRef = 4D8F48C92734E6FE00DDFF73 /* ButtonView.swift */; };
		4D8F48CC2734E79600DDFF73 /* PageTabView.swift in Sources */ = {isa = PBXBuildFile; fileRef = 4D8F48CB2734E79600DDFF73 /* PageTabView.swift */; };
		4DCAB8742734EB620085EC91 /* SkipButtonView.swift in Sources */ = {isa = PBXBuildFile; fileRef = 4DCAB8732734EB620085EC91 /* SkipButtonView.swift */; };
		4DD5657C274A30F4000F4374 /* segmentedControlView.swift in Sources */ = {isa = PBXBuildFile; fileRef = 4DD5657B274A30F4000F4374 /* segmentedControlView.swift */; };
		4DEC26DD2740D19B00C10EEA /* topCardView.swift in Sources */ = {isa = PBXBuildFile; fileRef = 4DEC26DC2740D19B00C10EEA /* topCardView.swift */; };
		5113C980275441F9006C515C /* Sort.swift in Sources */ = {isa = PBXBuildFile; fileRef = 5113C97F275441F9006C515C /* Sort.swift */; };
		5113C98227545D2B006C515C /* Log.swift in Sources */ = {isa = PBXBuildFile; fileRef = 5113C98127545D2B006C515C /* Log.swift */; };
		513746B7272F8C9100A56FB0 /* FinLitApp.swift in Sources */ = {isa = PBXBuildFile; fileRef = 513746B6272F8C9100A56FB0 /* FinLitApp.swift */; };
		513746B9272F8C9100A56FB0 /* ContentView.swift in Sources */ = {isa = PBXBuildFile; fileRef = 513746B8272F8C9100A56FB0 /* ContentView.swift */; };
		513746BB272F8C9200A56FB0 /* Assets.xcassets in Resources */ = {isa = PBXBuildFile; fileRef = 513746BA272F8C9200A56FB0 /* Assets.xcassets */; };
		513746BE272F8C9200A56FB0 /* Preview Assets.xcassets in Resources */ = {isa = PBXBuildFile; fileRef = 513746BD272F8C9200A56FB0 /* Preview Assets.xcassets */; };
		513C26C82745E1BC008A38BE /* SwiftUICharts in Frameworks */ = {isa = PBXBuildFile; productRef = 513C26C72745E1BC008A38BE /* SwiftUICharts */; };
		5165D234274B298400D80EC6 /* CategoryImageView.swift in Sources */ = {isa = PBXBuildFile; fileRef = 5165D233274B298400D80EC6 /* CategoryImageView.swift */; };
		5165D236274B5CCC00D80EC6 /* Utils.swift in Sources */ = {isa = PBXBuildFile; fileRef = 5165D235274B5CCB00D80EC6 /* Utils.swift */; };
		517BF1D62740BAE900EF0B08 /* Persistence.swift in Sources */ = {isa = PBXBuildFile; fileRef = 517BF1D52740BAE900EF0B08 /* Persistence.swift */; };
		51B144D9273F33CF007078D3 /* Category.swift in Sources */ = {isa = PBXBuildFile; fileRef = 51B144D8273F33CF007078D3 /* Category.swift */; };
		51B144DC273F3DD5007078D3 /* FinLit.xcdatamodeld in Sources */ = {isa = PBXBuildFile; fileRef = 51B144DA273F3DD5007078D3 /* FinLit.xcdatamodeld */; };
		51BAE96827339475009AF25F /* Evaluation.swift in Sources */ = {isa = PBXBuildFile; fileRef = 51BAE96727339475009AF25F /* Evaluation.swift */; };
		51BAE96A2733949F009AF25F /* Budget.swift in Sources */ = {isa = PBXBuildFile; fileRef = 51BAE9692733949F009AF25F /* Budget.swift */; };
		51BAE96C273394AD009AF25F /* Education.swift in Sources */ = {isa = PBXBuildFile; fileRef = 51BAE96B273394AD009AF25F /* Education.swift */; };
		51BAE96E2733959C009AF25F /* Dashboard.swift in Sources */ = {isa = PBXBuildFile; fileRef = 51BAE96D2733959C009AF25F /* Dashboard.swift */; };
		51C597E0274F308F0074DD22 /* addIncome.swift in Sources */ = {isa = PBXBuildFile; fileRef = 51C597DF274F308E0074DD22 /* addIncome.swift */; };
		51DB251A274C874300BC77CF /* inputCategory.swift in Sources */ = {isa = PBXBuildFile; fileRef = 51DB2519274C874300BC77CF /* inputCategory.swift */; };
		51DD60AE273B778000054E9B /* Chart.swift in Sources */ = {isa = PBXBuildFile; fileRef = 51DD60AD273B778000054E9B /* Chart.swift */; };
		9B22677E2745EE6B00F56804 /* Keypad.swift in Sources */ = {isa = PBXBuildFile; fileRef = 9B22677D2745EE6B00F56804 /* Keypad.swift */; };
		9B99CC1127425C5400F593E5 /* EditBudgetView.swift in Sources */ = {isa = PBXBuildFile; fileRef = 9B99CC1027425C5400F593E5 /* EditBudgetView.swift */; };
		9B99CC1327425CA100F593E5 /* ModelEditBudget.swift in Sources */ = {isa = PBXBuildFile; fileRef = 9B99CC1227425CA100F593E5 /* ModelEditBudget.swift */; };
		9BAA695B273CC076004174B3 /* Widget.intentdefinition in Sources */ = {isa = PBXBuildFile; fileRef = 9BAA6956273CC074004174B3 /* Widget.intentdefinition */; };
		E2464ADE2734DC8D007957CE /* bar.swift in Sources */ = {isa = PBXBuildFile; fileRef = E2464ADD2734DC8D007957CE /* bar.swift */; };
		E25FC7C3274B129D006DD256 /* modalTry.swift in Sources */ = {isa = PBXBuildFile; fileRef = E25FC7C2274B129D006DD256 /* modalTry.swift */; };
		E264E7BD2733AB9D003A9689 /* lazygrid.swift in Sources */ = {isa = PBXBuildFile; fileRef = E264E7BC2733AB9D003A9689 /* lazygrid.swift */; };
		E264E7C527344328003A9689 /* kategori baru.swift in Sources */ = {isa = PBXBuildFile; fileRef = E264E7C427344328003A9689 /* kategori baru.swift */; };
		E264E7C72734519B003A9689 /* GlobalData.swift in Sources */ = {isa = PBXBuildFile; fileRef = E264E7C62734519B003A9689 /* GlobalData.swift */; };
		E294BCB4273AAEF8002D4010 /* dataModelKategori.swift in Sources */ = {isa = PBXBuildFile; fileRef = E294BCB3273AAEF8002D4010 /* dataModelKategori.swift */; };
		E2C3BB68272F9C54005B6811 /* inputPage.swift in Sources */ = {isa = PBXBuildFile; fileRef = E2C3BB67272F9C54005B6811 /* inputPage.swift */; };
/* End PBXBuildFile section */

/* Begin PBXCopyFilesBuildPhase section */
		9BAA6948273CBD2C004174B3 /* Embed App Extensions */ = {
			isa = PBXCopyFilesBuildPhase;
			buildActionMask = 2147483647;
			dstPath = "";
			dstSubfolderSpec = 13;
			files = (
			);
			name = "Embed App Extensions";
			runOnlyForDeploymentPostprocessing = 0;
		};
/* End PBXCopyFilesBuildPhase section */

/* Begin PBXFileReference section */
		4D107B572742A11F002E3A7E /* categoryBudgetRow.swift */ = {isa = PBXFileReference; lastKnownFileType = sourcecode.swift; path = categoryBudgetRow.swift; sourceTree = "<group>"; };
		4D107B592742B4B4002E3A7E /* categoryBudgetList.swift */ = {isa = PBXFileReference; lastKnownFileType = sourcecode.swift; path = categoryBudgetList.swift; sourceTree = "<group>"; };
		4D8AA8832753BAD50033A92F /* CategoriesModel.swift */ = {isa = PBXFileReference; lastKnownFileType = sourcecode.swift; path = CategoriesModel.swift; sourceTree = "<group>"; };
		4D8AA8872753DD2C0033A92F /* AddCategories.swift */ = {isa = PBXFileReference; lastKnownFileType = sourcecode.swift; path = AddCategories.swift; sourceTree = "<group>"; };
		4D8AA88B2754F0EC0033A92F /* EditBudget.swift */ = {isa = PBXFileReference; lastKnownFileType = sourcecode.swift; path = EditBudget.swift; sourceTree = "<group>"; };
		4D8F48C12734D2AE00DDFF73 /* DataOnboarding.swift */ = {isa = PBXFileReference; lastKnownFileType = sourcecode.swift; path = DataOnboarding.swift; sourceTree = "<group>"; };
		4D8F48C32734D7E100DDFF73 /* OnboardingView.swift */ = {isa = PBXFileReference; lastKnownFileType = sourcecode.swift; path = OnboardingView.swift; sourceTree = "<group>"; };
		4D8F48C52734DDD400DDFF73 /* TabDetailView.swift */ = {isa = PBXFileReference; lastKnownFileType = sourcecode.swift; path = TabDetailView.swift; sourceTree = "<group>"; };
		4D8F48C92734E6FE00DDFF73 /* ButtonView.swift */ = {isa = PBXFileReference; lastKnownFileType = sourcecode.swift; path = ButtonView.swift; sourceTree = "<group>"; };
		4D8F48CB2734E79600DDFF73 /* PageTabView.swift */ = {isa = PBXFileReference; lastKnownFileType = sourcecode.swift; path = PageTabView.swift; sourceTree = "<group>"; };
		4DCAB8732734EB620085EC91 /* SkipButtonView.swift */ = {isa = PBXFileReference; lastKnownFileType = sourcecode.swift; path = SkipButtonView.swift; sourceTree = "<group>"; };
		4DD5657B274A30F4000F4374 /* segmentedControlView.swift */ = {isa = PBXFileReference; lastKnownFileType = sourcecode.swift; path = segmentedControlView.swift; sourceTree = "<group>"; };
		4DEC26DC2740D19B00C10EEA /* topCardView.swift */ = {isa = PBXFileReference; lastKnownFileType = sourcecode.swift; path = topCardView.swift; sourceTree = "<group>"; };
		5113C97F275441F9006C515C /* Sort.swift */ = {isa = PBXFileReference; lastKnownFileType = sourcecode.swift; path = Sort.swift; sourceTree = "<group>"; };
		5113C98127545D2B006C515C /* Log.swift */ = {isa = PBXFileReference; lastKnownFileType = sourcecode.swift; path = Log.swift; sourceTree = "<group>"; };
		513746B3272F8C9100A56FB0 /* FinLit.app */ = {isa = PBXFileReference; explicitFileType = wrapper.application; includeInIndex = 0; path = FinLit.app; sourceTree = BUILT_PRODUCTS_DIR; };
		513746B6272F8C9100A56FB0 /* FinLitApp.swift */ = {isa = PBXFileReference; lastKnownFileType = sourcecode.swift; path = FinLitApp.swift; sourceTree = "<group>"; };
		513746B8272F8C9100A56FB0 /* ContentView.swift */ = {isa = PBXFileReference; lastKnownFileType = sourcecode.swift; path = ContentView.swift; sourceTree = "<group>"; };
		513746BA272F8C9200A56FB0 /* Assets.xcassets */ = {isa = PBXFileReference; lastKnownFileType = folder.assetcatalog; path = Assets.xcassets; sourceTree = "<group>"; };
		513746BD272F8C9200A56FB0 /* Preview Assets.xcassets */ = {isa = PBXFileReference; lastKnownFileType = folder.assetcatalog; path = "Preview Assets.xcassets"; sourceTree = "<group>"; };
		5165D233274B298400D80EC6 /* CategoryImageView.swift */ = {isa = PBXFileReference; lastKnownFileType = sourcecode.swift; path = CategoryImageView.swift; sourceTree = "<group>"; };
		5165D235274B5CCB00D80EC6 /* Utils.swift */ = {isa = PBXFileReference; lastKnownFileType = sourcecode.swift; path = Utils.swift; sourceTree = "<group>"; };
		517BF1D52740BAE900EF0B08 /* Persistence.swift */ = {isa = PBXFileReference; lastKnownFileType = sourcecode.swift; path = Persistence.swift; sourceTree = "<group>"; };
		51B144D8273F33CF007078D3 /* Category.swift */ = {isa = PBXFileReference; lastKnownFileType = sourcecode.swift; path = Category.swift; sourceTree = "<group>"; };
		51B144DB273F3DD5007078D3 /* Finance.xcdatamodel */ = {isa = PBXFileReference; lastKnownFileType = wrapper.xcdatamodel; path = Finance.xcdatamodel; sourceTree = "<group>"; };
		51BAE96727339475009AF25F /* Evaluation.swift */ = {isa = PBXFileReference; lastKnownFileType = sourcecode.swift; path = Evaluation.swift; sourceTree = "<group>"; };
		51BAE9692733949F009AF25F /* Budget.swift */ = {isa = PBXFileReference; lastKnownFileType = sourcecode.swift; path = Budget.swift; sourceTree = "<group>"; };
		51BAE96B273394AD009AF25F /* Education.swift */ = {isa = PBXFileReference; lastKnownFileType = sourcecode.swift; path = Education.swift; sourceTree = "<group>"; };
		51BAE96D2733959C009AF25F /* Dashboard.swift */ = {isa = PBXFileReference; lastKnownFileType = sourcecode.swift; path = Dashboard.swift; sourceTree = "<group>"; };
		51C597DF274F308E0074DD22 /* addIncome.swift */ = {isa = PBXFileReference; lastKnownFileType = sourcecode.swift; path = addIncome.swift; sourceTree = "<group>"; };
		51DB2519274C874300BC77CF /* inputCategory.swift */ = {isa = PBXFileReference; lastKnownFileType = sourcecode.swift; path = inputCategory.swift; sourceTree = "<group>"; };
		51DD60AD273B778000054E9B /* Chart.swift */ = {isa = PBXFileReference; lastKnownFileType = sourcecode.swift; path = Chart.swift; sourceTree = "<group>"; };
		9B22677D2745EE6B00F56804 /* Keypad.swift */ = {isa = PBXFileReference; lastKnownFileType = sourcecode.swift; path = Keypad.swift; sourceTree = "<group>"; };
		9B99CC1027425C5400F593E5 /* EditBudgetView.swift */ = {isa = PBXFileReference; lastKnownFileType = sourcecode.swift; path = EditBudgetView.swift; sourceTree = "<group>"; };
		9B99CC1227425CA100F593E5 /* ModelEditBudget.swift */ = {isa = PBXFileReference; lastKnownFileType = sourcecode.swift; path = ModelEditBudget.swift; sourceTree = "<group>"; };
		9BAA6938273CBD2B004174B3 /* WidgetKit.framework */ = {isa = PBXFileReference; lastKnownFileType = wrapper.framework; name = WidgetKit.framework; path = System/Library/Frameworks/WidgetKit.framework; sourceTree = SDKROOT; };
		9BAA693A273CBD2B004174B3 /* SwiftUI.framework */ = {isa = PBXFileReference; lastKnownFileType = wrapper.framework; name = SwiftUI.framework; path = System/Library/Frameworks/SwiftUI.framework; sourceTree = SDKROOT; };
		9BAA6954273CC074004174B3 /* Widget.swift */ = {isa = PBXFileReference; lastKnownFileType = sourcecode.swift; path = Widget.swift; sourceTree = "<group>"; };
		9BAA6956273CC074004174B3 /* Widget.intentdefinition */ = {isa = PBXFileReference; lastKnownFileType = file.intentdefinition; path = Widget.intentdefinition; sourceTree = "<group>"; };
		9BAA6957273CC076004174B3 /* Assets.xcassets */ = {isa = PBXFileReference; lastKnownFileType = folder.assetcatalog; path = Assets.xcassets; sourceTree = "<group>"; };
		9BAA6959273CC076004174B3 /* Info.plist */ = {isa = PBXFileReference; lastKnownFileType = text.plist.xml; path = Info.plist; sourceTree = "<group>"; };
		E2464ADD2734DC8D007957CE /* bar.swift */ = {isa = PBXFileReference; lastKnownFileType = sourcecode.swift; path = bar.swift; sourceTree = "<group>"; };
		E25FC7C2274B129D006DD256 /* modalTry.swift */ = {isa = PBXFileReference; lastKnownFileType = sourcecode.swift; path = modalTry.swift; sourceTree = "<group>"; };
		E264E7BC2733AB9D003A9689 /* lazygrid.swift */ = {isa = PBXFileReference; lastKnownFileType = sourcecode.swift; path = lazygrid.swift; sourceTree = "<group>"; };
		E264E7C427344328003A9689 /* kategori baru.swift */ = {isa = PBXFileReference; lastKnownFileType = sourcecode.swift; path = "kategori baru.swift"; sourceTree = "<group>"; };
		E264E7C62734519B003A9689 /* GlobalData.swift */ = {isa = PBXFileReference; lastKnownFileType = sourcecode.swift; path = GlobalData.swift; sourceTree = "<group>"; };
		E294BCB3273AAEF8002D4010 /* dataModelKategori.swift */ = {isa = PBXFileReference; lastKnownFileType = sourcecode.swift; name = dataModelKategori.swift; path = FinLit/Models/dataModelKategori.swift; sourceTree = SOURCE_ROOT; };
		E2C3BB67272F9C54005B6811 /* inputPage.swift */ = {isa = PBXFileReference; lastKnownFileType = sourcecode.swift; path = inputPage.swift; sourceTree = "<group>"; };
/* End PBXFileReference section */

/* Begin PBXFrameworksBuildPhase section */
		513746B0272F8C9100A56FB0 /* Frameworks */ = {
			isa = PBXFrameworksBuildPhase;
			buildActionMask = 2147483647;
			files = (
				513C26C82745E1BC008A38BE /* SwiftUICharts in Frameworks */,
			);
			runOnlyForDeploymentPostprocessing = 0;
		};
/* End PBXFrameworksBuildPhase section */

/* Begin PBXGroup section */
		4D8F48C02734D24300DDFF73 /* Onboarding */ = {
			isa = PBXGroup;
			children = (
				4D8F48C12734D2AE00DDFF73 /* DataOnboarding.swift */,
				4D8F48C32734D7E100DDFF73 /* OnboardingView.swift */,
				4D8F48C52734DDD400DDFF73 /* TabDetailView.swift */,
				4D8F48CB2734E79600DDFF73 /* PageTabView.swift */,
				4D8F48C92734E6FE00DDFF73 /* ButtonView.swift */,
				4DCAB8732734EB620085EC91 /* SkipButtonView.swift */,
			);
			path = Onboarding;
			sourceTree = "<group>";
		};
		513746AA272F8C9100A56FB0 = {
			isa = PBXGroup;
			children = (
				513746B5272F8C9100A56FB0 /* FinLit */,
				9BAA6953273CC074004174B3 /* Widget */,
				9BAA6937273CBD2B004174B3 /* Frameworks */,
				513746B4272F8C9100A56FB0 /* Products */,
			);
			sourceTree = "<group>";
		};
		513746B4272F8C9100A56FB0 /* Products */ = {
			isa = PBXGroup;
			children = (
				513746B3272F8C9100A56FB0 /* FinLit.app */,
			);
			name = Products;
			sourceTree = "<group>";
		};
		513746B5272F8C9100A56FB0 /* FinLit */ = {
			isa = PBXGroup;
			children = (
				513746C5272F951100A56FB0 /* Models */,
				513746C4272F950400A56FB0 /* Views */,
				513746B6272F8C9100A56FB0 /* FinLitApp.swift */,
				513746BA272F8C9200A56FB0 /* Assets.xcassets */,
				513746BC272F8C9200A56FB0 /* Preview Content */,
				51B144DA273F3DD5007078D3 /* FinLit.xcdatamodeld */,
				517BF1D52740BAE900EF0B08 /* Persistence.swift */,
			);
			path = FinLit;
			sourceTree = "<group>";
		};
		513746BC272F8C9200A56FB0 /* Preview Content */ = {
			isa = PBXGroup;
			children = (
				513746BD272F8C9200A56FB0 /* Preview Assets.xcassets */,
			);
			path = "Preview Content";
			sourceTree = "<group>";
		};
		513746C4272F950400A56FB0 /* Views */ = {
			isa = PBXGroup;
			children = (
				513746B8272F8C9100A56FB0 /* ContentView.swift */,
				513C26CB274610F1008A38BE /* Helper */,
				51BAE96F273395D7009AF25F /* Dashboard */,
				51BAE970273395E7009AF25F /* Evaluation */,
				4D8F48C02734D24300DDFF73 /* Onboarding */,
				51BAE971273395FD009AF25F /* Budget */,
				51BAE9722733960C009AF25F /* Education */,
				E25FC7C2274B129D006DD256 /* modalTry.swift */,
			);
			path = Views;
			sourceTree = "<group>";
		};
		513746C5272F951100A56FB0 /* Models */ = {
			isa = PBXGroup;
			children = (
				E294BCB3273AAEF8002D4010 /* dataModelKategori.swift */,
				51B144D8273F33CF007078D3 /* Category.swift */,
				E264E7C62734519B003A9689 /* GlobalData.swift */,
				4D8AA8832753BAD50033A92F /* CategoriesModel.swift */,
			);
			path = Models;
			sourceTree = "<group>";
		};
		513C26CB274610F1008A38BE /* Helper */ = {
			isa = PBXGroup;
			children = (
				E2464ADD2734DC8D007957CE /* bar.swift */,
				E264E7BC2733AB9D003A9689 /* lazygrid.swift */,
				5165D233274B298400D80EC6 /* CategoryImageView.swift */,
				5165D235274B5CCB00D80EC6 /* Utils.swift */,
				9B22677D2745EE6B00F56804 /* Keypad.swift */,
				5113C97F275441F9006C515C /* Sort.swift */,
			);
			path = Helper;
			sourceTree = "<group>";
		};
		51BAE96F273395D7009AF25F /* Dashboard */ = {
			isa = PBXGroup;
			children = (
				51BAE96D2733959C009AF25F /* Dashboard.swift */,
				E2C3BB67272F9C54005B6811 /* inputPage.swift */,
				E264E7C427344328003A9689 /* kategori baru.swift */,
				51DB2519274C874300BC77CF /* inputCategory.swift */,
				51C597DF274F308E0074DD22 /* addIncome.swift */,
				4D8AA8872753DD2C0033A92F /* AddCategories.swift */,
				5113C98127545D2B006C515C /* Log.swift */,
			);
			path = Dashboard;
			sourceTree = "<group>";
		};
		51BAE970273395E7009AF25F /* Evaluation */ = {
			isa = PBXGroup;
			children = (
				51BAE96727339475009AF25F /* Evaluation.swift */,
				51DD60AD273B778000054E9B /* Chart.swift */,
				4DD5657B274A30F4000F4374 /* segmentedControlView.swift */,
			);
			path = Evaluation;
			sourceTree = "<group>";
		};
		51BAE971273395FD009AF25F /* Budget */ = {
			isa = PBXGroup;
			children = (
				51BAE9692733949F009AF25F /* Budget.swift */,
				4DEC26DC2740D19B00C10EEA /* topCardView.swift */,
				4D107B572742A11F002E3A7E /* categoryBudgetRow.swift */,
				4D107B592742B4B4002E3A7E /* categoryBudgetList.swift */,
				4D8AA88B2754F0EC0033A92F /* EditBudget.swift */,
				9B99CC1227425CA100F593E5 /* ModelEditBudget.swift */,
				9B99CC1027425C5400F593E5 /* EditBudgetView.swift */,
			);
			path = Budget;
			sourceTree = "<group>";
		};
		51BAE9722733960C009AF25F /* Education */ = {
			isa = PBXGroup;
			children = (
				51BAE96B273394AD009AF25F /* Education.swift */,
			);
			path = Education;
			sourceTree = "<group>";
		};
		9BAA6937273CBD2B004174B3 /* Frameworks */ = {
			isa = PBXGroup;
			children = (
				9BAA6938273CBD2B004174B3 /* WidgetKit.framework */,
				9BAA693A273CBD2B004174B3 /* SwiftUI.framework */,
			);
			name = Frameworks;
			sourceTree = "<group>";
		};
		9BAA6953273CC074004174B3 /* Widget */ = {
			isa = PBXGroup;
			children = (
				9BAA6954273CC074004174B3 /* Widget.swift */,
				9BAA6956273CC074004174B3 /* Widget.intentdefinition */,
				9BAA6957273CC076004174B3 /* Assets.xcassets */,
				9BAA6959273CC076004174B3 /* Info.plist */,
			);
			path = Widget;
			sourceTree = "<group>";
		};
/* End PBXGroup section */

/* Begin PBXNativeTarget section */
		513746B2272F8C9100A56FB0 /* FinLit */ = {
			isa = PBXNativeTarget;
			buildConfigurationList = 513746C1272F8C9200A56FB0 /* Build configuration list for PBXNativeTarget "FinLit" */;
			buildPhases = (
				513746AF272F8C9100A56FB0 /* Sources */,
				513746B0272F8C9100A56FB0 /* Frameworks */,
				513746B1272F8C9100A56FB0 /* Resources */,
				9BAA6948273CBD2C004174B3 /* Embed App Extensions */,
			);
			buildRules = (
			);
			dependencies = (
			);
			name = FinLit;
			packageProductDependencies = (
				513C26C72745E1BC008A38BE /* SwiftUICharts */,
			);
			productName = FinLit;
			productReference = 513746B3272F8C9100A56FB0 /* FinLit.app */;
			productType = "com.apple.product-type.application";
		};
/* End PBXNativeTarget section */

/* Begin PBXProject section */
		513746AB272F8C9100A56FB0 /* Project object */ = {
			isa = PBXProject;
			attributes = {
				BuildIndependentTargetsInParallel = 1;
				LastSwiftUpdateCheck = 1310;
				LastUpgradeCheck = 1310;
				TargetAttributes = {
					513746B2272F8C9100A56FB0 = {
						CreatedOnToolsVersion = 13.1;
					};
				};
			};
			buildConfigurationList = 513746AE272F8C9100A56FB0 /* Build configuration list for PBXProject "FinLit" */;
			compatibilityVersion = "Xcode 13.0";
			developmentRegion = en;
			hasScannedForEncodings = 0;
			knownRegions = (
				en,
				Base,
			);
			mainGroup = 513746AA272F8C9100A56FB0;
			packageReferences = (
				513C26C62745E1BC008A38BE /* XCRemoteSwiftPackageReference "ChartView" */,
			);
			productRefGroup = 513746B4272F8C9100A56FB0 /* Products */;
			projectDirPath = "";
			projectRoot = "";
			targets = (
				513746B2272F8C9100A56FB0 /* FinLit */,
			);
		};
/* End PBXProject section */

/* Begin PBXResourcesBuildPhase section */
		513746B1272F8C9100A56FB0 /* Resources */ = {
			isa = PBXResourcesBuildPhase;
			buildActionMask = 2147483647;
			files = (
				513746BE272F8C9200A56FB0 /* Preview Assets.xcassets in Resources */,
				513746BB272F8C9200A56FB0 /* Assets.xcassets in Resources */,
			);
			runOnlyForDeploymentPostprocessing = 0;
		};
/* End PBXResourcesBuildPhase section */

/* Begin PBXSourcesBuildPhase section */
		513746AF272F8C9100A56FB0 /* Sources */ = {
			isa = PBXSourcesBuildPhase;
			buildActionMask = 2147483647;
			files = (
				4D107B5A2742B4B4002E3A7E /* categoryBudgetList.swift in Sources */,
				51B144DC273F3DD5007078D3 /* FinLit.xcdatamodeld in Sources */,
				51C597E0274F308F0074DD22 /* addIncome.swift in Sources */,
				4DCAB8742734EB620085EC91 /* SkipButtonView.swift in Sources */,
				4D8AA88C2754F0EC0033A92F /* EditBudget.swift in Sources */,
				5113C980275441F9006C515C /* Sort.swift in Sources */,
				4D8F48CC2734E79600DDFF73 /* PageTabView.swift in Sources */,
				E294BCB4273AAEF8002D4010 /* dataModelKategori.swift in Sources */,
				513746B9272F8C9100A56FB0 /* ContentView.swift in Sources */,
				E2464ADE2734DC8D007957CE /* bar.swift in Sources */,
				E2C3BB68272F9C54005B6811 /* inputPage.swift in Sources */,
				5165D236274B5CCC00D80EC6 /* Utils.swift in Sources */,
				4D8F48C22734D2AE00DDFF73 /* DataOnboarding.swift in Sources */,
				51DD60AE273B778000054E9B /* Chart.swift in Sources */,
				5113C98227545D2B006C515C /* Log.swift in Sources */,
				4DEC26DD2740D19B00C10EEA /* topCardView.swift in Sources */,
				E264E7BD2733AB9D003A9689 /* lazygrid.swift in Sources */,
				9B22677E2745EE6B00F56804 /* Keypad.swift in Sources */,
				51BAE96827339475009AF25F /* Evaluation.swift in Sources */,
				51BAE96E2733959C009AF25F /* Dashboard.swift in Sources */,
				4D8F48CA2734E6FE00DDFF73 /* ButtonView.swift in Sources */,
				4D8F48C62734DDD400DDFF73 /* TabDetailView.swift in Sources */,
				51B144D9273F33CF007078D3 /* Category.swift in Sources */,
				E264E7C72734519B003A9689 /* GlobalData.swift in Sources */,
				4D107B582742A11F002E3A7E /* categoryBudgetRow.swift in Sources */,
				4D8AA8882753DD2C0033A92F /* AddCategories.swift in Sources */,
				4D8AA8842753BAD50033A92F /* CategoriesModel.swift in Sources */,
				E25FC7C3274B129D006DD256 /* modalTry.swift in Sources */,
				51BAE96A2733949F009AF25F /* Budget.swift in Sources */,
				51DB251A274C874300BC77CF /* inputCategory.swift in Sources */,
				9B99CC1327425CA100F593E5 /* ModelEditBudget.swift in Sources */,
				517BF1D62740BAE900EF0B08 /* Persistence.swift in Sources */,
				51BAE96C273394AD009AF25F /* Education.swift in Sources */,
				9B99CC1127425C5400F593E5 /* EditBudgetView.swift in Sources */,
				5165D234274B298400D80EC6 /* CategoryImageView.swift in Sources */,
				4DD5657C274A30F4000F4374 /* segmentedControlView.swift in Sources */,
				E264E7C527344328003A9689 /* kategori baru.swift in Sources */,
				513746B7272F8C9100A56FB0 /* FinLitApp.swift in Sources */,
				9BAA695B273CC076004174B3 /* Widget.intentdefinition in Sources */,
				4D8F48C42734D7E100DDFF73 /* OnboardingView.swift in Sources */,
			);
			runOnlyForDeploymentPostprocessing = 0;
		};
/* End PBXSourcesBuildPhase section */

/* Begin XCBuildConfiguration section */
		513746BF272F8C9200A56FB0 /* Debug */ = {
			isa = XCBuildConfiguration;
			buildSettings = {
				ALWAYS_SEARCH_USER_PATHS = NO;
				CLANG_ANALYZER_NONNULL = YES;
				CLANG_ANALYZER_NUMBER_OBJECT_CONVERSION = YES_AGGRESSIVE;
				CLANG_CXX_LANGUAGE_STANDARD = "gnu++17";
				CLANG_CXX_LIBRARY = "libc++";
				CLANG_ENABLE_MODULES = YES;
				CLANG_ENABLE_OBJC_ARC = YES;
				CLANG_ENABLE_OBJC_WEAK = YES;
				CLANG_WARN_BLOCK_CAPTURE_AUTORELEASING = YES;
				CLANG_WARN_BOOL_CONVERSION = YES;
				CLANG_WARN_COMMA = YES;
				CLANG_WARN_CONSTANT_CONVERSION = YES;
				CLANG_WARN_DEPRECATED_OBJC_IMPLEMENTATIONS = YES;
				CLANG_WARN_DIRECT_OBJC_ISA_USAGE = YES_ERROR;
				CLANG_WARN_DOCUMENTATION_COMMENTS = YES;
				CLANG_WARN_EMPTY_BODY = YES;
				CLANG_WARN_ENUM_CONVERSION = YES;
				CLANG_WARN_INFINITE_RECURSION = YES;
				CLANG_WARN_INT_CONVERSION = YES;
				CLANG_WARN_NON_LITERAL_NULL_CONVERSION = YES;
				CLANG_WARN_OBJC_IMPLICIT_RETAIN_SELF = YES;
				CLANG_WARN_OBJC_LITERAL_CONVERSION = YES;
				CLANG_WARN_OBJC_ROOT_CLASS = YES_ERROR;
				CLANG_WARN_QUOTED_INCLUDE_IN_FRAMEWORK_HEADER = YES;
				CLANG_WARN_RANGE_LOOP_ANALYSIS = YES;
				CLANG_WARN_STRICT_PROTOTYPES = YES;
				CLANG_WARN_SUSPICIOUS_MOVE = YES;
				CLANG_WARN_UNGUARDED_AVAILABILITY = YES_AGGRESSIVE;
				CLANG_WARN_UNREACHABLE_CODE = YES;
				CLANG_WARN__DUPLICATE_METHOD_MATCH = YES;
				COPY_PHASE_STRIP = NO;
				DEBUG_INFORMATION_FORMAT = dwarf;
				ENABLE_STRICT_OBJC_MSGSEND = YES;
				ENABLE_TESTABILITY = YES;
				GCC_C_LANGUAGE_STANDARD = gnu11;
				GCC_DYNAMIC_NO_PIC = NO;
				GCC_NO_COMMON_BLOCKS = YES;
				GCC_OPTIMIZATION_LEVEL = 0;
				GCC_PREPROCESSOR_DEFINITIONS = (
					"DEBUG=1",
					"$(inherited)",
				);
				GCC_WARN_64_TO_32_BIT_CONVERSION = YES;
				GCC_WARN_ABOUT_RETURN_TYPE = YES_ERROR;
				GCC_WARN_UNDECLARED_SELECTOR = YES;
				GCC_WARN_UNINITIALIZED_AUTOS = YES_AGGRESSIVE;
				GCC_WARN_UNUSED_FUNCTION = YES;
				GCC_WARN_UNUSED_VARIABLE = YES;
				IPHONEOS_DEPLOYMENT_TARGET = 15.0;
				MTL_ENABLE_DEBUG_INFO = INCLUDE_SOURCE;
				MTL_FAST_MATH = YES;
				ONLY_ACTIVE_ARCH = YES;
				SDKROOT = iphoneos;
				SWIFT_ACTIVE_COMPILATION_CONDITIONS = DEBUG;
				SWIFT_OPTIMIZATION_LEVEL = "-Onone";
			};
			name = Debug;
		};
		513746C0272F8C9200A56FB0 /* Release */ = {
			isa = XCBuildConfiguration;
			buildSettings = {
				ALWAYS_SEARCH_USER_PATHS = NO;
				CLANG_ANALYZER_NONNULL = YES;
				CLANG_ANALYZER_NUMBER_OBJECT_CONVERSION = YES_AGGRESSIVE;
				CLANG_CXX_LANGUAGE_STANDARD = "gnu++17";
				CLANG_CXX_LIBRARY = "libc++";
				CLANG_ENABLE_MODULES = YES;
				CLANG_ENABLE_OBJC_ARC = YES;
				CLANG_ENABLE_OBJC_WEAK = YES;
				CLANG_WARN_BLOCK_CAPTURE_AUTORELEASING = YES;
				CLANG_WARN_BOOL_CONVERSION = YES;
				CLANG_WARN_COMMA = YES;
				CLANG_WARN_CONSTANT_CONVERSION = YES;
				CLANG_WARN_DEPRECATED_OBJC_IMPLEMENTATIONS = YES;
				CLANG_WARN_DIRECT_OBJC_ISA_USAGE = YES_ERROR;
				CLANG_WARN_DOCUMENTATION_COMMENTS = YES;
				CLANG_WARN_EMPTY_BODY = YES;
				CLANG_WARN_ENUM_CONVERSION = YES;
				CLANG_WARN_INFINITE_RECURSION = YES;
				CLANG_WARN_INT_CONVERSION = YES;
				CLANG_WARN_NON_LITERAL_NULL_CONVERSION = YES;
				CLANG_WARN_OBJC_IMPLICIT_RETAIN_SELF = YES;
				CLANG_WARN_OBJC_LITERAL_CONVERSION = YES;
				CLANG_WARN_OBJC_ROOT_CLASS = YES_ERROR;
				CLANG_WARN_QUOTED_INCLUDE_IN_FRAMEWORK_HEADER = YES;
				CLANG_WARN_RANGE_LOOP_ANALYSIS = YES;
				CLANG_WARN_STRICT_PROTOTYPES = YES;
				CLANG_WARN_SUSPICIOUS_MOVE = YES;
				CLANG_WARN_UNGUARDED_AVAILABILITY = YES_AGGRESSIVE;
				CLANG_WARN_UNREACHABLE_CODE = YES;
				CLANG_WARN__DUPLICATE_METHOD_MATCH = YES;
				COPY_PHASE_STRIP = NO;
				DEBUG_INFORMATION_FORMAT = "dwarf-with-dsym";
				ENABLE_NS_ASSERTIONS = NO;
				ENABLE_STRICT_OBJC_MSGSEND = YES;
				GCC_C_LANGUAGE_STANDARD = gnu11;
				GCC_NO_COMMON_BLOCKS = YES;
				GCC_WARN_64_TO_32_BIT_CONVERSION = YES;
				GCC_WARN_ABOUT_RETURN_TYPE = YES_ERROR;
				GCC_WARN_UNDECLARED_SELECTOR = YES;
				GCC_WARN_UNINITIALIZED_AUTOS = YES_AGGRESSIVE;
				GCC_WARN_UNUSED_FUNCTION = YES;
				GCC_WARN_UNUSED_VARIABLE = YES;
				IPHONEOS_DEPLOYMENT_TARGET = 15.0;
				MTL_ENABLE_DEBUG_INFO = NO;
				MTL_FAST_MATH = YES;
				SDKROOT = iphoneos;
				SWIFT_COMPILATION_MODE = wholemodule;
				SWIFT_OPTIMIZATION_LEVEL = "-O";
				VALIDATE_PRODUCT = YES;
			};
			name = Release;
		};
		513746C2272F8C9200A56FB0 /* Debug */ = {
			isa = XCBuildConfiguration;
			buildSettings = {
				ASSETCATALOG_COMPILER_APPICON_NAME = AppIcon;
				ASSETCATALOG_COMPILER_GLOBAL_ACCENT_COLOR_NAME = AccentColor;
				CODE_SIGN_STYLE = Automatic;
				CURRENT_PROJECT_VERSION = 1;
				DEVELOPMENT_ASSET_PATHS = "\"FinLit/Preview Content\"";
				DEVELOPMENT_TEAM = 365A3GVRC9;
				ENABLE_PREVIEWS = YES;
				GENERATE_INFOPLIST_FILE = YES;
				INFOPLIST_KEY_UIApplicationSceneManifest_Generation = YES;
				INFOPLIST_KEY_UIApplicationSupportsIndirectInputEvents = YES;
				INFOPLIST_KEY_UILaunchScreen_Generation = YES;
				INFOPLIST_KEY_UISupportedInterfaceOrientations_iPad = "UIInterfaceOrientationPortrait UIInterfaceOrientationPortraitUpsideDown UIInterfaceOrientationLandscapeLeft UIInterfaceOrientationLandscapeRight";
				INFOPLIST_KEY_UISupportedInterfaceOrientations_iPhone = "UIInterfaceOrientationPortrait UIInterfaceOrientationLandscapeLeft UIInterfaceOrientationLandscapeRight";
				LD_RUNPATH_SEARCH_PATHS = (
					"$(inherited)",
					"@executable_path/Frameworks",
				);
				MARKETING_VERSION = 1.0;
				PRODUCT_BUNDLE_IDENTIFIER = com.farendza.academy.FinLit;
				PRODUCT_NAME = "$(TARGET_NAME)";
				SWIFT_EMIT_LOC_STRINGS = YES;
				SWIFT_VERSION = 5.0;
				TARGETED_DEVICE_FAMILY = "1,2";
			};
			name = Debug;
		};
		513746C3272F8C9200A56FB0 /* Release */ = {
			isa = XCBuildConfiguration;
			buildSettings = {
				ASSETCATALOG_COMPILER_APPICON_NAME = AppIcon;
				ASSETCATALOG_COMPILER_GLOBAL_ACCENT_COLOR_NAME = AccentColor;
				CODE_SIGN_STYLE = Automatic;
				CURRENT_PROJECT_VERSION = 1;
				DEVELOPMENT_ASSET_PATHS = "\"FinLit/Preview Content\"";
				DEVELOPMENT_TEAM = 365A3GVRC9;
				ENABLE_PREVIEWS = YES;
				GENERATE_INFOPLIST_FILE = YES;
				INFOPLIST_KEY_UIApplicationSceneManifest_Generation = YES;
				INFOPLIST_KEY_UIApplicationSupportsIndirectInputEvents = YES;
				INFOPLIST_KEY_UILaunchScreen_Generation = YES;
				INFOPLIST_KEY_UISupportedInterfaceOrientations_iPad = "UIInterfaceOrientationPortrait UIInterfaceOrientationPortraitUpsideDown UIInterfaceOrientationLandscapeLeft UIInterfaceOrientationLandscapeRight";
				INFOPLIST_KEY_UISupportedInterfaceOrientations_iPhone = "UIInterfaceOrientationPortrait UIInterfaceOrientationLandscapeLeft UIInterfaceOrientationLandscapeRight";
				LD_RUNPATH_SEARCH_PATHS = (
					"$(inherited)",
					"@executable_path/Frameworks",
				);
				MARKETING_VERSION = 1.0;
				PRODUCT_BUNDLE_IDENTIFIER = com.farendza.academy.FinLit;
				PRODUCT_NAME = "$(TARGET_NAME)";
				SWIFT_EMIT_LOC_STRINGS = YES;
				SWIFT_VERSION = 5.0;
				TARGETED_DEVICE_FAMILY = "1,2";
			};
			name = Release;
		};
/* End XCBuildConfiguration section */

/* Begin XCConfigurationList section */
		513746AE272F8C9100A56FB0 /* Build configuration list for PBXProject "FinLit" */ = {
			isa = XCConfigurationList;
			buildConfigurations = (
				513746BF272F8C9200A56FB0 /* Debug */,
				513746C0272F8C9200A56FB0 /* Release */,
			);
			defaultConfigurationIsVisible = 0;
			defaultConfigurationName = Release;
		};
		513746C1272F8C9200A56FB0 /* Build configuration list for PBXNativeTarget "FinLit" */ = {
			isa = XCConfigurationList;
			buildConfigurations = (
				513746C2272F8C9200A56FB0 /* Debug */,
				513746C3272F8C9200A56FB0 /* Release */,
			);
			defaultConfigurationIsVisible = 0;
			defaultConfigurationName = Release;
		};
/* End XCConfigurationList section */

/* Begin XCRemoteSwiftPackageReference section */
		513C26C62745E1BC008A38BE /* XCRemoteSwiftPackageReference "ChartView" */ = {
			isa = XCRemoteSwiftPackageReference;
			repositoryURL = "https://github.com/AppPear/ChartView";
			requirement = {
				kind = upToNextMajorVersion;
				minimumVersion = 1.0.0;
			};
		};
/* End XCRemoteSwiftPackageReference section */

/* Begin XCSwiftPackageProductDependency section */
		513C26C72745E1BC008A38BE /* SwiftUICharts */ = {
			isa = XCSwiftPackageProductDependency;
			package = 513C26C62745E1BC008A38BE /* XCRemoteSwiftPackageReference "ChartView" */;
			productName = SwiftUICharts;
		};
/* End XCSwiftPackageProductDependency section */

/* Begin XCVersionGroup section */
		51B144DA273F3DD5007078D3 /* FinLit.xcdatamodeld */ = {
			isa = XCVersionGroup;
			children = (
				51B144DB273F3DD5007078D3 /* Finance.xcdatamodel */,
			);
			currentVersion = 51B144DB273F3DD5007078D3 /* Finance.xcdatamodel */;
			path = FinLit.xcdatamodeld;
			sourceTree = "<group>";
			versionGroupType = wrapper.xcdatamodel;
		};
/* End XCVersionGroup section */
	};
	rootObject = 513746AB272F8C9100A56FB0 /* Project object */;
}
